
Microsoft Visual Studio Solution File, Format Version 12.00
# Visual Studio Version 17
VisualStudioVersion = 17.14.36414.22
MinimumVisualStudioVersion = 10.0.40219.1
Project("{FAE04EC0-301F-11D3-BF4B-00C04F79EFBC}") = "Prog7312PoePart1", "Prog7312PoePart1.csproj", "{86889440-BA42-4F90-981F-843BBB3AAFDF}"
EndProject
Global
	GlobalSection(SolutionConfigurationPlatforms) = preSolution
		Debug|Any CPU = Debug|Any CPU
		Release|Any CPU = Release|Any CPU
	EndGlobalSection
	GlobalSection(ProjectConfigurationPlatforms) = postSolution
		{86889440-BA42-4F90-981F-843BBB3AAFDF}.Debug|Any CPU.ActiveCfg = Debug|Any CPU
		{86889440-BA42-4F90-981F-843BBB3AAFDF}.Debug|Any CPU.Build.0 = Debug|Any CPU
		{86889440-BA42-4F90-981F-843BBB3AAFDF}.Release|Any CPU.ActiveCfg = Release|Any CPU
		{86889440-BA42-4F90-981F-843BBB3AAFDF}.Release|Any CPU.Build.0 = Release|Any CPU
	EndGlobalSection
	GlobalSection(SolutionProperties) = preSolution
		HideSolutionNode = FALSE
	EndGlobalSection
	GlobalSection(ExtensibilityGlobals) = postSolution
		SolutionGuid = {840BB028-341D-4D01-A221-C7094E3EAD07}
	EndGlobalSection
EndGlobal
